
Microsoft Visual Studio Solution File, Format Version 12.00
# Visual Studio 15
VisualStudioVersion = 15.0.27703.2026
MinimumVisualStudioVersion = 10.0.40219.1
Project("{FAE04EC0-301F-11D3-BF4B-00C04F79EFBC}") = "HarvestSync", "HarvestSync\HarvestSync.csproj", "{BF8C499F-1BF8-4D73-A867-DEB700190A60}"
EndProject
Global
	GlobalSection(SolutionConfigurationPlatforms) = preSolution
		Debug|Any CPU = Debug|Any CPU
		Release|Any CPU = Release|Any CPU
	EndGlobalSection
	GlobalSection(ProjectConfigurationPlatforms) = postSolution
		{BF8C499F-1BF8-4D73-A867-DEB700190A60}.Debug|Any CPU.ActiveCfg = Debug|Any CPU
		{BF8C499F-1BF8-4D73-A867-DEB700190A60}.Debug|Any CPU.Build.0 = Debug|Any CPU
		{BF8C499F-1BF8-4D73-A867-DEB700190A60}.Release|Any CPU.ActiveCfg = Release|Any CPU
		{BF8C499F-1BF8-4D73-A867-DEB700190A60}.Release|Any CPU.Build.0 = Release|Any CPU
	EndGlobalSection
	GlobalSection(SolutionProperties) = preSolution
		HideSolutionNode = FALSE
	EndGlobalSection
	GlobalSection(ExtensibilityGlobals) = postSolution
		SolutionGuid = {7A7A0306-4D60-4874-AEC2-987958F8A253}
	EndGlobalSection
EndGlobal
